
Microsoft Visual Studio Solution File, Format Version 12.00
# Visual Studio Version 17
VisualStudioVersion = 17.10.35122.118
MinimumVisualStudioVersion = 10.0.40219.1
Project("{FAE04EC0-301F-11D3-BF4B-00C04F79EFBC}") = "demo.Android", "demo.Android\demo.Android.csproj", "{0B65F0A4-5197-4B16-A607-836F9B078C15}"
EndProject
Project("{FAE04EC0-301F-11D3-BF4B-00C04F79EFBC}") = "demo.iOS", "demo.iOS\demo.iOS.csproj", "{A8E65A6F-6D67-4F56-BD84-59B18B1BA0C2}"
EndProject
Project("{FAE04EC0-301F-11D3-BF4B-00C04F79EFBC}") = "demo", "demo\demo.csproj", "{C049887C-014F-4452-AA02-1E29B3DEEE3F}"
EndProject
Global
	GlobalSection(SolutionConfigurationPlatforms) = preSolution
		Debug|Any CPU = Debug|Any CPU
		Debug|iPhone = Debug|iPhone
		Debug|iPhoneSimulator = Debug|iPhoneSimulator
		Release|Any CPU = Release|Any CPU
		Release|iPhone = Release|iPhone
		Release|iPhoneSimulator = Release|iPhoneSimulator
	EndGlobalSection
	GlobalSection(ProjectConfigurationPlatforms) = postSolution
		{0B65F0A4-5197-4B16-A607-836F9B078C15}.Debug|Any CPU.ActiveCfg = Debug|Any CPU
		{0B65F0A4-5197-4B16-A607-836F9B078C15}.Debug|Any CPU.Build.0 = Debug|Any CPU
		{0B65F0A4-5197-4B16-A607-836F9B078C15}.Debug|Any CPU.Deploy.0 = Debug|Any CPU
		{0B65F0A4-5197-4B16-A607-836F9B078C15}.Debug|iPhone.ActiveCfg = Debug|Any CPU
		{0B65F0A4-5197-4B16-A607-836F9B078C15}.Debug|iPhone.Build.0 = Debug|Any CPU
		{0B65F0A4-5197-4B16-A607-836F9B078C15}.Debug|iPhone.Deploy.0 = Debug|Any CPU
		{0B65F0A4-5197-4B16-A607-836F9B078C15}.Debug|iPhoneSimulator.ActiveCfg = Debug|Any CPU
		{0B65F0A4-5197-4B16-A607-836F9B078C15}.Debug|iPhoneSimulator.Build.0 = Debug|Any CPU
		{0B65F0A4-5197-4B16-A607-836F9B078C15}.Debug|iPhoneSimulator.Deploy.0 = Debug|Any CPU
		{0B65F0A4-5197-4B16-A607-836F9B078C15}.Release|Any CPU.ActiveCfg = Release|Any CPU
		{0B65F0A4-5197-4B16-A607-836F9B078C15}.Release|Any CPU.Build.0 = Release|Any CPU
		{0B65F0A4-5197-4B16-A607-836F9B078C15}.Release|Any CPU.Deploy.0 = Release|Any CPU
		{0B65F0A4-5197-4B16-A607-836F9B078C15}.Release|iPhone.ActiveCfg = Release|Any CPU
		{0B65F0A4-5197-4B16-A607-836F9B078C15}.Release|iPhone.Build.0 = Release|Any CPU
		{0B65F0A4-5197-4B16-A607-836F9B078C15}.Release|iPhone.Deploy.0 = Release|Any CPU
		{0B65F0A4-5197-4B16-A607-836F9B078C15}.Release|iPhoneSimulator.ActiveCfg = Release|Any CPU
		{0B65F0A4-5197-4B16-A607-836F9B078C15}.Release|iPhoneSimulator.Build.0 = Release|Any CPU
		{0B65F0A4-5197-4B16-A607-836F9B078C15}.Release|iPhoneSimulator.Deploy.0 = Release|Any CPU
		{A8E65A6F-6D67-4F56-BD84-59B18B1BA0C2}.Debug|Any CPU.ActiveCfg = Debug|iPhone
		{A8E65A6F-6D67-4F56-BD84-59B18B1BA0C2}.Debug|Any CPU.Build.0 = Debug|iPhone
		{A8E65A6F-6D67-4F56-BD84-59B18B1BA0C2}.Debug|Any CPU.Deploy.0 = Debug|iPhone
		{A8E65A6F-6D67-4F56-BD84-59B18B1BA0C2}.Debug|iPhone.ActiveCfg = Debug|iPhone
		{A8E65A6F-6D67-4F56-BD84-59B18B1BA0C2}.Debug|iPhone.Build.0 = Debug|iPhone
		{A8E65A6F-6D67-4F56-BD84-59B18B1BA0C2}.Debug|iPhone.Deploy.0 = Debug|iPhone
		{A8E65A6F-6D67-4F56-BD84-59B18B1BA0C2}.Debug|iPhoneSimulator.ActiveCfg = Debug|iPhoneSimulator
		{A8E65A6F-6D67-4F56-BD84-59B18B1BA0C2}.Debug|iPhoneSimulator.Build.0 = Debug|iPhoneSimulator
		{A8E65A6F-6D67-4F56-BD84-59B18B1BA0C2}.Debug|iPhoneSimulator.Deploy.0 = Debug|iPhoneSimulator
		{A8E65A6F-6D67-4F56-BD84-59B18B1BA0C2}.Release|Any CPU.ActiveCfg = Release|iPhoneSimulator
		{A8E65A6F-6D67-4F56-BD84-59B18B1BA0C2}.Release|Any CPU.Build.0 = Release|iPhoneSimulator
		{A8E65A6F-6D67-4F56-BD84-59B18B1BA0C2}.Release|Any CPU.Deploy.0 = Release|iPhoneSimulator
		{A8E65A6F-6D67-4F56-BD84-59B18B1BA0C2}.Release|iPhone.ActiveCfg = Release|iPhone
		{A8E65A6F-6D67-4F56-BD84-59B18B1BA0C2}.Release|iPhone.Build.0 = Release|iPhone
		{A8E65A6F-6D67-4F56-BD84-59B18B1BA0C2}.Release|iPhone.Deploy.0 = Release|iPhone
		{A8E65A6F-6D67-4F56-BD84-59B18B1BA0C2}.Release|iPhoneSimulator.ActiveCfg = Release|iPhoneSimulator
		{A8E65A6F-6D67-4F56-BD84-59B18B1BA0C2}.Release|iPhoneSimulator.Build.0 = Release|iPhoneSimulator
		{A8E65A6F-6D67-4F56-BD84-59B18B1BA0C2}.Release|iPhoneSimulator.Deploy.0 = Release|iPhoneSimulator
		{C049887C-014F-4452-AA02-1E29B3DEEE3F}.Debug|Any CPU.ActiveCfg = Debug|Any CPU
		{C049887C-014F-4452-AA02-1E29B3DEEE3F}.Debug|Any CPU.Build.0 = Debug|Any CPU
		{C049887C-014F-4452-AA02-1E29B3DEEE3F}.Debug|Any CPU.Deploy.0 = Debug|Any CPU
		{C049887C-014F-4452-AA02-1E29B3DEEE3F}.Debug|iPhone.ActiveCfg = Debug|Any CPU
		{C049887C-014F-4452-AA02-1E29B3DEEE3F}.Debug|iPhone.Build.0 = Debug|Any CPU
		{C049887C-014F-4452-AA02-1E29B3DEEE3F}.Debug|iPhone.Deploy.0 = Debug|Any CPU
		{C049887C-014F-4452-AA02-1E29B3DEEE3F}.Debug|iPhoneSimulator.ActiveCfg = Debug|Any CPU
		{C049887C-014F-4452-AA02-1E29B3DEEE3F}.Debug|iPhoneSimulator.Build.0 = Debug|Any CPU
		{C049887C-014F-4452-AA02-1E29B3DEEE3F}.Debug|iPhoneSimulator.Deploy.0 = Debug|Any CPU
		{C049887C-014F-4452-AA02-1E29B3DEEE3F}.Release|Any CPU.ActiveCfg = Release|Any CPU
		{C049887C-014F-4452-AA02-1E29B3DEEE3F}.Release|Any CPU.Build.0 = Release|Any CPU
		{C049887C-014F-4452-AA02-1E29B3DEEE3F}.Release|Any CPU.Deploy.0 = Release|Any CPU
		{C049887C-014F-4452-AA02-1E29B3DEEE3F}.Release|iPhone.ActiveCfg = Release|Any CPU
		{C049887C-014F-4452-AA02-1E29B3DEEE3F}.Release|iPhone.Build.0 = Release|Any CPU
		{C049887C-014F-4452-AA02-1E29B3DEEE3F}.Release|iPhone.Deploy.0 = Release|Any CPU
		{C049887C-014F-4452-AA02-1E29B3DEEE3F}.Release|iPhoneSimulator.ActiveCfg = Release|Any CPU
		{C049887C-014F-4452-AA02-1E29B3DEEE3F}.Release|iPhoneSimulator.Build.0 = Release|Any CPU
		{C049887C-014F-4452-AA02-1E29B3DEEE3F}.Release|iPhoneSimulator.Deploy.0 = Release|Any CPU
	EndGlobalSection
	GlobalSection(SolutionProperties) = preSolution
		HideSolutionNode = FALSE
	EndGlobalSection
	GlobalSection(ExtensibilityGlobals) = postSolution
		SolutionGuid = {21F3F854-CF2D-4769-9CD7-0C7C47F4F694}
	EndGlobalSection
EndGlobal
